
Microsoft Visual Studio Solution File, Format Version 12.00
# Visual Studio Version 17
VisualStudioVersion = 17.10.35027.167
MinimumVisualStudioVersion = 10.0.40219.1
Project("{FAE04EC0-301F-11D3-BF4B-00C04F79EFBC}") = "Practice3", "Practice3\Practice3.csproj", "{43A68F2F-2282-42DD-9D56-9FC1EEF978B7}"
EndProject
Global
	GlobalSection(SolutionConfigurationPlatforms) = preSolution
		Debug|Any CPU = Debug|Any CPU
		Release|Any CPU = Release|Any CPU
	EndGlobalSection
	GlobalSection(ProjectConfigurationPlatforms) = postSolution
		{43A68F2F-2282-42DD-9D56-9FC1EEF978B7}.Debug|Any CPU.ActiveCfg = Debug|Any CPU
		{43A68F2F-2282-42DD-9D56-9FC1EEF978B7}.Debug|Any CPU.Build.0 = Debug|Any CPU
		{43A68F2F-2282-42DD-9D56-9FC1EEF978B7}.Release|Any CPU.ActiveCfg = Release|Any CPU
		{43A68F2F-2282-42DD-9D56-9FC1EEF978B7}.Release|Any CPU.Build.0 = Release|Any CPU
	EndGlobalSection
	GlobalSection(SolutionProperties) = preSolution
		HideSolutionNode = FALSE
	EndGlobalSection
	GlobalSection(ExtensibilityGlobals) = postSolution
		SolutionGuid = {3ED7E4FF-DEE7-4236-8A23-4319F52835EB}
	EndGlobalSection
EndGlobal
